<?xml version="1.0" encoding="utf-8"?>
<Project xmlns="http://schemas.microsoft.com/developer/msbuild/2003" ToolsVersion="4.0">
  <ItemGroup>
    <ClCompile Include="..\..\src\unittest\cipher_unittest.cpp" />
    <ClCompile Include="..\..\src\unittest\test_harness.cpp" />
  </ItemGroup>
  <ItemGroup>
    <ClInclude Include="..\..\src\unittest\test_harness.h" />
  </ItemGroup>
  <ItemGroup />
  </Project>