<?xml version="1.0" encoding="utf-8"?>
<Project xmlns="http://schemas.microsoft.com/developer/msbuild/2003" ToolsVersion="4.0">
  <ItemGroup>
    <ClCompile Include="..\..\src\cipher\aes.c" />
    <ClCompile Include="..\..\src\cipher\aes\aes.cpp" />
    <ClCompile Include="..\..\src\cipher\chacha20.cpp" />
    <ClCompile Include="..\..\src\cipher\ctaes\bench.c" />
    <ClCompile Include="..\..\src\cipher\ctaes\ctaes.c" />
    <ClCompile Include="..\..\src\cipher\digest.c" />
    <ClCompile Include="..\..\src\cipher\hmac.c" />
    <ClCompile Include="..\..\src\cipher\md5.c" />
    <ClCompile Include="..\..\src\cipher\pbkdf2_hmac.c" />
    <ClCompile Include="..\..\src\cipher\rc4.c" />
    <ClCompile Include="..\..\src\cipher\ripemd160.cpp" />
    <ClCompile Include="..\..\src\cipher\sha.c" />
    <ClCompile Include="..\..\src\cipher\sha1.c" />
    <ClCompile Include="..\..\src\cipher\sha224.c" />
    <ClCompile Include="..\..\src\cipher\sha256.c" />
    <ClCompile Include="..\..\src\cipher\sha384.c" />
    <ClCompile Include="..\..\src\cipher\sha512.c" />
    <ClCompile Include="..\..\src\cipher\tdes.c" />
    <ClCompile Include="..\..\src\cipher\tea.c" />
    <ClCompile Include="..\..\src\util\base64.cpp" />
    <ClCompile Include="..\..\src\util\stringutils.cpp" />
  </ItemGroup>
</Project>