<?xml version="1.0" encoding="utf-8"?>
<Project xmlns="http://schemas.microsoft.com/developer/msbuild/2003" ToolsVersion="4.0">
  <ItemGroup>
    <Filter Include="config">
      <UniqueIdentifier>{22450232-65ae-4cf8-7d02-c8b6ba991139}</UniqueIdentifier>
    </Filter>
    <Filter Include="dump">
      <UniqueIdentifier>{b9ef165b-2556-73dd-e47b-ff07f4390fb1}</UniqueIdentifier>
    </Filter>
    <Filter Include="evhpp">
      <UniqueIdentifier>{6d9d75cc-83fa-b393-b282-99ccd2da6afb}</UniqueIdentifier>
    </Filter>
    <Filter Include="evpp">
      <UniqueIdentifier>{98443cdf-be9a-756b-66a3-82cfea49d5be}</UniqueIdentifier>
    </Filter>
    <Filter Include="evpp\buff">
      <UniqueIdentifier>{e868e1f4-d583-3268-d33f-5ea5f987aa48}</UniqueIdentifier>
    </Filter>
    <Filter Include="evpp\http">
      <UniqueIdentifier>{09473110-6d63-9ee1-a37c-c4e5adec6bbb}</UniqueIdentifier>
    </Filter>
    <Filter Include="evpp\http\client">
      <UniqueIdentifier>{3c8f7748-abf2-0c77-4c6b-12a488fc7c56}</UniqueIdentifier>
    </Filter>
    <Filter Include="evpp\http\server">
      <UniqueIdentifier>{0d1bd76c-8064-905a-0087-00a6ab801faf}</UniqueIdentifier>
    </Filter>
    <Filter Include="evpp\io">
      <UniqueIdentifier>{0ca6d223-0d36-a587-5b5c-38dedbc8d01c}</UniqueIdentifier>
    </Filter>
    <Filter Include="evpp\loop">
      <UniqueIdentifier>{96f0c86a-fdb7-5d96-7009-5f49289842c7}</UniqueIdentifier>
    </Filter>
    <Filter Include="evpp\multi">
      <UniqueIdentifier>{763186b0-7c72-2f63-cd93-8b65149e42c6}</UniqueIdentifier>
    </Filter>
    <Filter Include="evpp\tcp">
      <UniqueIdentifier>{ffa3df8c-ffcd-70ab-7e00-2a8537bbb47d}</UniqueIdentifier>
    </Filter>
    <Filter Include="evpp\tcp\client">
      <UniqueIdentifier>{2df40148-27a0-12d3-d772-2db3a616204d}</UniqueIdentifier>
    </Filter>
    <Filter Include="evpp\tcp\server">
      <UniqueIdentifier>{9f2da534-c3b8-126c-f2d6-b2806481abd6}</UniqueIdentifier>
    </Filter>
    <Filter Include="evpp\time">
      <UniqueIdentifier>{846b6915-da83-790f-d31e-e50077fb2471}</UniqueIdentifier>
    </Filter>
    <Filter Include="evpp\udp">
      <UniqueIdentifier>{c26da878-b5f8-9444-2560-897d144f6da2}</UniqueIdentifier>
    </Filter>
    <Filter Include="fifo">
      <UniqueIdentifier>{cf54937a-2330-ac17-aa52-3bf7130911a3}</UniqueIdentifier>
    </Filter>
    <Filter Include="flags">
      <UniqueIdentifier>{4e5868d6-76cb-634a-a75b-125a0f741abf}</UniqueIdentifier>
    </Filter>
    <Filter Include="log">
      <UniqueIdentifier>{dc1d71bb-b5c4-d2a5-e936-db79ef10c19f}</UniqueIdentifier>
    </Filter>
    <Filter Include="logic">
      <UniqueIdentifier>{c3d3c17b-4ca7-f791-f85e-1cc72f274af4}</UniqueIdentifier>
    </Filter>
    <Filter Include="logic\contrl">
      <UniqueIdentifier>{087754d3-c5c0-ad30-ad07-c902d9e92fc6}</UniqueIdentifier>
    </Filter>
    <Filter Include="logic\contrl\pbdeal">
      <UniqueIdentifier>{78d262a9-a561-b945-5bbd-9a6ce6c914cb}</UniqueIdentifier>
    </Filter>
    <Filter Include="logic\echo">
      <UniqueIdentifier>{675a25e3-b5e8-d91e-271d-3364e3cd499a}</UniqueIdentifier>
    </Filter>
    <Filter Include="logic\trans">
      <UniqueIdentifier>{1141be72-d5ea-91d9-75be-2217e842da8f}</UniqueIdentifier>
    </Filter>
    <Filter Include="logic\trans\acl">
      <UniqueIdentifier>{6dae5b00-6a53-2ed5-1a18-b97b4ec698c7}</UniqueIdentifier>
    </Filter>
    <Filter Include="logic\trans\algorithm">
      <UniqueIdentifier>{1b02a2fc-3caf-5e15-55df-165c34fcbee1}</UniqueIdentifier>
    </Filter>
    <Filter Include="logic\trans\arq">
      <UniqueIdentifier>{8996472b-8afd-f4da-f339-fac882fcb1ab}</UniqueIdentifier>
    </Filter>
    <Filter Include="logic\trans\deal">
      <UniqueIdentifier>{b041f5e4-e7c4-c9fc-cae4-143ce1d04d27}</UniqueIdentifier>
    </Filter>
    <Filter Include="logic\trans\io">
      <UniqueIdentifier>{ff33a79c-28f3-5bf3-93d4-5509f732b8f9}</UniqueIdentifier>
    </Filter>
    <Filter Include="logic\trans\kcp">
      <UniqueIdentifier>{29e7cec2-f228-f28b-8e36-654e76b9e7ea}</UniqueIdentifier>
    </Filter>
    <Filter Include="logic\trans\msg">
      <UniqueIdentifier>{edd71f44-b996-b68b-72fd-c3ce64d9f513}</UniqueIdentifier>
    </Filter>
    <Filter Include="logic\trans\ports">
      <UniqueIdentifier>{a1ed9840-444a-9507-d417-34693ff51d98}</UniqueIdentifier>
    </Filter>
    <Filter Include="logic\trans\user">
      <UniqueIdentifier>{e1898f25-241b-119f-e726-1e41ea05630f}</UniqueIdentifier>
    </Filter>
    <Filter Include="pb">
      <UniqueIdentifier>{f09883b5-7b33-d3d3-3c39-bbc8dd3b2be2}</UniqueIdentifier>
    </Filter>
    <Filter Include="stat">
      <UniqueIdentifier>{77ddcb5f-1983-2f41-4534-5889013ab3a4}</UniqueIdentifier>
    </Filter>
    <Filter Include="thd">
      <UniqueIdentifier>{d09d3347-1525-bb6a-72dd-fd9faf3766f4}</UniqueIdentifier>
    </Filter>
    <Filter Include="tun">
      <UniqueIdentifier>{842e1d0c-0e58-780b-b0bb-ad5306b58856}</UniqueIdentifier>
    </Filter>
    <Filter Include="util">
      <UniqueIdentifier>{05c7e247-0050-2a07-9cdd-88012b5a76d3}</UniqueIdentifier>
    </Filter>
    <Filter Include="version">
      <UniqueIdentifier>{2af72f10-0c35-6273-d462-84f6fd1dfc08}</UniqueIdentifier>
    </Filter>
  </ItemGroup>
  <ItemGroup>
    <ClCompile Include="..\..\src\lib\config\config.cpp">
      <Filter>config</Filter>
    </ClCompile>
    <ClCompile Include="..\..\src\lib\dump\dump_linux.cpp">
      <Filter>dump</Filter>
    </ClCompile>
    <ClCompile Include="..\..\src\lib\dump\dump_mac.cpp">
      <Filter>dump</Filter>
    </ClCompile>
    <ClCompile Include="..\..\src\lib\dump\dump_win.cpp">
      <Filter>dump</Filter>
    </ClCompile>
    <ClCompile Include="..\..\src\lib\evhpp\evhpp_service.cc">
      <Filter>evhpp</Filter>
    </ClCompile>
    <ClCompile Include="..\..\src\lib\evhpp\http_parser_cpp.cc">
      <Filter>evhpp</Filter>
    </ClCompile>
    <ClCompile Include="..\..\src\lib\evhpp\http_request.cc">
      <Filter>evhpp</Filter>
    </ClCompile>
    <ClCompile Include="..\..\src\lib\evhpp\http_response.cc">
      <Filter>evhpp</Filter>
    </ClCompile>
    <ClCompile Include="..\..\src\lib\evpp\buff\ringbuffer.cpp">
      <Filter>evpp\buff</Filter>
    </ClCompile>
    <ClCompile Include="..\..\src\lib\evpp\buff\syncbuffer.cc">
      <Filter>evpp\buff</Filter>
    </ClCompile>
    <ClCompile Include="..\..\src\lib\evpp\const.cpp">
      <Filter>evpp</Filter>
    </ClCompile>
    <ClCompile Include="..\..\src\lib\evpp\http\client\conn.cc">
      <Filter>evpp\http\client</Filter>
    </ClCompile>
    <ClCompile Include="..\..\src\lib\evpp\http\client\conn_pool.cc">
      <Filter>evpp\http\client</Filter>
    </ClCompile>
    <ClCompile Include="..\..\src\lib\evpp\http\client\request.cc">
      <Filter>evpp\http\client</Filter>
    </ClCompile>
    <ClCompile Include="..\..\src\lib\evpp\http\client\response.cc">
      <Filter>evpp\http\client</Filter>
    </ClCompile>
    <ClCompile Include="..\..\src\lib\evpp\http\client\url_parser.cc">
      <Filter>evpp\http\client</Filter>
    </ClCompile>
    <ClCompile Include="..\..\src\lib\evpp\http\server\context.cc">
      <Filter>evpp\http\server</Filter>
    </ClCompile>
    <ClCompile Include="..\..\src\lib\evpp\http\server\http_server.cc">
      <Filter>evpp\http\server</Filter>
    </ClCompile>
    <ClCompile Include="..\..\src\lib\evpp\http\server\http_service.cc">
      <Filter>evpp\http\server</Filter>
    </ClCompile>
    <ClCompile Include="..\..\src\lib\evpp\inner_pre.cc">
      <Filter>evpp</Filter>
    </ClCompile>
    <ClCompile Include="..\..\src\lib\evpp\io\udp_io.cpp">
      <Filter>evpp\io</Filter>
    </ClCompile>
    <ClCompile Include="..\..\src\lib\evpp\libevent.cc">
      <Filter>evpp</Filter>
    </ClCompile>
    <ClCompile Include="..\..\src\lib\evpp\loop\event_loop.cc">
      <Filter>evpp\loop</Filter>
    </ClCompile>
    <ClCompile Include="..\..\src\lib\evpp\loop\event_loop_thread.cc">
      <Filter>evpp\loop</Filter>
    </ClCompile>
    <ClCompile Include="..\..\src\lib\evpp\loop\event_loop_thread_pool.cc">
      <Filter>evpp\loop</Filter>
    </ClCompile>
    <ClCompile Include="..\..\src\lib\evpp\loop\event_watcher.cc">
      <Filter>evpp\loop</Filter>
    </ClCompile>
    <ClCompile Include="..\..\src\lib\evpp\loop\invoke_timer.cc">
      <Filter>evpp\loop</Filter>
    </ClCompile>
    <ClCompile Include="..\..\src\lib\evpp\multi\multi_listener.cpp">
      <Filter>evpp\multi</Filter>
    </ClCompile>
    <ClCompile Include="..\..\src\lib\evpp\tcp\client\connector.cc">
      <Filter>evpp\tcp\client</Filter>
    </ClCompile>
    <ClCompile Include="..\..\src\lib\evpp\tcp\client\dns_resolver.cc">
      <Filter>evpp\tcp\client</Filter>
    </ClCompile>
    <ClCompile Include="..\..\src\lib\evpp\tcp\client\tcp_client.cc">
      <Filter>evpp\tcp\client</Filter>
    </ClCompile>
    <ClCompile Include="..\..\src\lib\evpp\tcp\fd_channel.cc">
      <Filter>evpp\tcp</Filter>
    </ClCompile>
    <ClCompile Include="..\..\src\lib\evpp\tcp\server\listener.cc">
      <Filter>evpp\tcp\server</Filter>
    </ClCompile>
    <ClCompile Include="..\..\src\lib\evpp\tcp\server\tcp_easy_server.cpp">
      <Filter>evpp\tcp\server</Filter>
    </ClCompile>
    <ClCompile Include="..\..\src\lib\evpp\tcp\server\tcp_server.cc">
      <Filter>evpp\tcp\server</Filter>
    </ClCompile>
    <ClCompile Include="..\..\src\lib\evpp\tcp\sockets.cc">
      <Filter>evpp\tcp</Filter>
    </ClCompile>
    <ClCompile Include="..\..\src\lib\evpp\tcp\tcp_conn.cc">
      <Filter>evpp\tcp</Filter>
    </ClCompile>
    <ClCompile Include="..\..\src\lib\evpp\thdenv.cpp">
      <Filter>evpp</Filter>
    </ClCompile>
    <ClCompile Include="..\..\src\lib\evpp\time\duration.cc">
      <Filter>evpp\time</Filter>
    </ClCompile>
    <ClCompile Include="..\..\src\lib\evpp\time\gettimeofday.cc">
      <Filter>evpp\time</Filter>
    </ClCompile>
    <ClCompile Include="..\..\src\lib\evpp\udp\udp_client.cc">
      <Filter>evpp\udp</Filter>
    </ClCompile>
    <ClCompile Include="..\..\src\lib\evpp\udp\udp_server.cc">
      <Filter>evpp\udp</Filter>
    </ClCompile>
    <ClCompile Include="..\..\src\lib\evpp\udp\udp_tick.cc">
      <Filter>evpp\udp</Filter>
    </ClCompile>
    <ClCompile Include="..\..\src\lib\fifo\fifo_linux.cpp">
      <Filter>fifo</Filter>
    </ClCompile>
    <ClCompile Include="..\..\src\lib\fifo\fifo_win.cpp">
      <Filter>fifo</Filter>
    </ClCompile>
    <ClCompile Include="..\..\src\lib\flags\flags.cpp">
      <Filter>flags</Filter>
    </ClCompile>
    <ClCompile Include="..\..\src\lib\log\log.cpp">
      <Filter>log</Filter>
    </ClCompile>
    <ClCompile Include="..\..\src\lib\logic\contrl\contrlCon.cpp">
      <Filter>logic\contrl</Filter>
    </ClCompile>
    <ClCompile Include="..\..\src\lib\logic\contrl\contrlDeal.cpp">
      <Filter>logic\contrl</Filter>
    </ClCompile>
    <ClCompile Include="..\..\src\lib\logic\contrl\contrlServer.cpp">
      <Filter>logic\contrl</Filter>
    </ClCompile>
    <ClCompile Include="..\..\src\lib\logic\contrl\contrlUtil.cpp">
      <Filter>logic\contrl</Filter>
    </ClCompile>
    <ClCompile Include="..\..\src\lib\logic\contrl\pbdeal\msgHeader.cpp">
      <Filter>logic\contrl\pbdeal</Filter>
    </ClCompile>
    <ClCompile Include="..\..\src\lib\logic\contrl\pbdeal\pbSend.cpp">
      <Filter>logic\contrl\pbdeal</Filter>
    </ClCompile>
    <ClCompile Include="..\..\src\lib\logic\contrl\pbdeal\pbSerialize.cpp">
      <Filter>logic\contrl\pbdeal</Filter>
    </ClCompile>
    <ClCompile Include="..\..\src\lib\logic\def_value.cpp">
      <Filter>logic</Filter>
    </ClCompile>
    <ClCompile Include="..\..\src\lib\logic\echo\echoCon.cpp">
      <Filter>logic\echo</Filter>
    </ClCompile>
    <ClCompile Include="..\..\src\lib\logic\echo\echoDeal.cpp">
      <Filter>logic\echo</Filter>
    </ClCompile>
    <ClCompile Include="..\..\src\lib\logic\echo\echoDealUser.cpp">
      <Filter>logic\echo</Filter>
    </ClCompile>
    <ClCompile Include="..\..\src\lib\logic\echo\echoServer.cpp">
      <Filter>logic\echo</Filter>
    </ClCompile>
    <ClCompile Include="..\..\src\lib\logic\echo\echoUtil.cpp">
      <Filter>logic\echo</Filter>
    </ClCompile>
    <ClCompile Include="..\..\src\lib\logic\trans\acl\aclfilter.cpp">
      <Filter>logic\trans\acl</Filter>
    </ClCompile>
    <ClCompile Include="..\..\src\lib\logic\trans\acl\aclgeoip.cpp">
      <Filter>logic\trans\acl</Filter>
    </ClCompile>
    <ClCompile Include="..\..\src\lib\logic\trans\acl\aclmgr.cpp">
      <Filter>logic\trans\acl</Filter>
    </ClCompile>
    <ClCompile Include="..\..\src\lib\logic\trans\algorithm\aes_bssl.cpp">
      <Filter>logic\trans\algorithm</Filter>
    </ClCompile>
    <ClCompile Include="..\..\src\lib\logic\trans\algorithm\cc20_bssl.cpp">
      <Filter>logic\trans\algorithm</Filter>
    </ClCompile>
    <ClCompile Include="..\..\src\lib\logic\trans\algorithm\crc32_sse42.cpp">
      <Filter>logic\trans\algorithm</Filter>
    </ClCompile>
    <ClCompile Include="..\..\src\lib\logic\trans\algorithm\crc32_zlib.cpp">
      <Filter>logic\trans\algorithm</Filter>
    </ClCompile>
    <ClCompile Include="..\..\src\lib\logic\trans\algorithm\rc4_bssl.cpp">
      <Filter>logic\trans\algorithm</Filter>
    </ClCompile>
    <ClCompile Include="..\..\src\lib\logic\trans\arq\arq.cpp">
      <Filter>logic\trans\arq</Filter>
    </ClCompile>
    <ClCompile Include="..\..\src\lib\logic\trans\arq\arq_line.cpp">
      <Filter>logic\trans\arq</Filter>
    </ClCompile>
    <ClCompile Include="..\..\src\lib\logic\trans\arq\arq_pool.cpp">
      <Filter>logic\trans\arq</Filter>
    </ClCompile>
    <ClCompile Include="..\..\src\lib\logic\trans\deal\trans_acl.cpp">
      <Filter>logic\trans\deal</Filter>
    </ClCompile>
    <ClCompile Include="..\..\src\lib\logic\trans\deal\trans_deal.cpp">
      <Filter>logic\trans\deal</Filter>
    </ClCompile>
    <ClCompile Include="..\..\src\lib\logic\trans\io\trans_bypass.cpp">
      <Filter>logic\trans\io</Filter>
    </ClCompile>
    <ClCompile Include="..\..\src\lib\logic\trans\io\trans_group.cpp">
      <Filter>logic\trans\io</Filter>
    </ClCompile>
    <ClCompile Include="..\..\src\lib\logic\trans\kcp\ikcp.c">
      <Filter>logic\trans\kcp</Filter>
    </ClCompile>
    <ClCompile Include="..\..\src\lib\logic\trans\msg\trans_binary.cpp">
      <Filter>logic\trans\msg</Filter>
    </ClCompile>
    <ClCompile Include="..\..\src\lib\logic\trans\msg\trans_head.cpp">
      <Filter>logic\trans\msg</Filter>
    </ClCompile>
    <ClCompile Include="..\..\src\lib\logic\trans\msg\trans_msg.cpp">
      <Filter>logic\trans\msg</Filter>
    </ClCompile>
    <ClCompile Include="..\..\src\lib\logic\trans\ports\trans_port.cpp">
      <Filter>logic\trans\ports</Filter>
    </ClCompile>
    <ClCompile Include="..\..\src\lib\logic\trans\trans_server.cpp">
      <Filter>logic\trans</Filter>
    </ClCompile>
    <ClCompile Include="..\..\src\lib\logic\trans\trans_server_fun.cpp">
      <Filter>logic\trans</Filter>
    </ClCompile>
    <ClCompile Include="..\..\src\lib\logic\trans\user\allow_user.cpp">
      <Filter>logic\trans\user</Filter>
    </ClCompile>
    <ClCompile Include="..\..\src\lib\logic\trans\user\con_io.cpp">
      <Filter>logic\trans\user</Filter>
    </ClCompile>
    <ClCompile Include="..\..\src\lib\logic\trans\user\con_jump.cpp">
      <Filter>logic\trans\user</Filter>
    </ClCompile>
    <ClCompile Include="..\..\src\lib\logic\trans\user\con_jump_clt.cpp">
      <Filter>logic\trans\user</Filter>
    </ClCompile>
    <ClCompile Include="..\..\src\lib\logic\trans\user\con_pipe.cpp">
      <Filter>logic\trans\user</Filter>
    </ClCompile>
    <ClCompile Include="..\..\src\lib\logic\trans\user\con_primitive.cpp">
      <Filter>logic\trans\user</Filter>
    </ClCompile>
    <ClCompile Include="..\..\src\lib\logic\trans\user\con_trans.cpp">
      <Filter>logic\trans\user</Filter>
    </ClCompile>
    <ClCompile Include="..\..\src\lib\logic\trans\user\jump_user.cpp">
      <Filter>logic\trans\user</Filter>
    </ClCompile>
    <ClCompile Include="..\..\src\lib\logic\trans\user\trans_func.cpp">
      <Filter>logic\trans\user</Filter>
    </ClCompile>
    <ClCompile Include="..\..\src\lib\pb\booster.pb.cc">
      <Filter>pb</Filter>
    </ClCompile>
    <ClCompile Include="..\..\src\lib\pb\client.pb.cc">
      <Filter>pb</Filter>
    </ClCompile>
    <ClCompile Include="..\..\src\lib\pb\define.pb.cc">
      <Filter>pb</Filter>
    </ClCompile>
    <ClCompile Include="..\..\src\lib\pb\msgid.pb.cc">
      <Filter>pb</Filter>
    </ClCompile>
    <ClCompile Include="..\..\src\lib\pb\pbRegist.cpp">
      <Filter>pb</Filter>
    </ClCompile>
    <ClCompile Include="..\..\src\lib\stat\stat.cpp">
      <Filter>stat</Filter>
    </ClCompile>
    <ClCompile Include="..\..\src\lib\thd\thd.cpp">
      <Filter>thd</Filter>
    </ClCompile>
    <ClCompile Include="..\..\src\lib\tun\ip_checksum.cpp">
      <Filter>tun</Filter>
    </ClCompile>
    <ClCompile Include="..\..\src\lib\tun\tun.cpp">
      <Filter>tun</Filter>
    </ClCompile>
    <ClCompile Include="..\..\src\lib\tun\tun_func.cpp">
      <Filter>tun</Filter>
    </ClCompile>
    <ClCompile Include="..\..\src\lib\tun\tun_io.cpp">
      <Filter>tun</Filter>
    </ClCompile>
    <ClCompile Include="..\..\src\lib\tun\tun_ios.cpp">
      <Filter>tun</Filter>
    </ClCompile>
    <ClCompile Include="..\..\src\lib\tun\tun_linux.cpp">
      <Filter>tun</Filter>
    </ClCompile>
    <ClCompile Include="..\..\src\lib\tun\tun_win.cpp">
      <Filter>tun</Filter>
    </ClCompile>
    <ClCompile Include="..\..\src\lib\util\exception.cpp">
      <Filter>util</Filter>
    </ClCompile>
    <ClCompile Include="..\..\src\lib\util\time_use.cpp">
      <Filter>util</Filter>
    </ClCompile>
    <ClCompile Include="..\..\src\lib\util\util_curl.cpp">
      <Filter>util</Filter>
    </ClCompile>
    <ClCompile Include="..\..\src\lib\util\util_func.cpp">
      <Filter>util</Filter>
    </ClCompile>
    <ClCompile Include="..\..\src\lib\util\util_func_linux.cpp">
      <Filter>util</Filter>
    </ClCompile>
    <ClCompile Include="..\..\src\lib\util\util_func_win.cpp">
      <Filter>util</Filter>
    </ClCompile>
    <ClCompile Include="..\..\src\lib\util\util_uuid.cpp">
      <Filter>util</Filter>
    </ClCompile>
    <ClCompile Include="..\..\src\lib\util\util_wheel.cpp">
      <Filter>util</Filter>
    </ClCompile>
    <ClCompile Include="..\..\src\lib\version\version.cpp">
      <Filter>version</Filter>
    </ClCompile>
  </ItemGroup>
  <ItemGroup>
    <ClInclude Include="..\..\src\lib\config\config.h">
      <Filter>config</Filter>
    </ClInclude>
    <ClInclude Include="..\..\src\lib\config\config_toml.h">
      <Filter>config</Filter>
    </ClInclude>
    <ClInclude Include="..\..\src\lib\dump\dump.h">
      <Filter>dump</Filter>
    </ClInclude>
    <ClInclude Include="..\..\src\lib\evhpp\evhpp_service.h">
      <Filter>evhpp</Filter>
    </ClInclude>
    <ClInclude Include="..\..\src\lib\evhpp\http_parser.h">
      <Filter>evhpp</Filter>
    </ClInclude>
    <ClInclude Include="..\..\src\lib\evhpp\http_request.h">
      <Filter>evhpp</Filter>
    </ClInclude>
    <ClInclude Include="..\..\src\lib\evhpp\http_response.h">
      <Filter>evhpp</Filter>
    </ClInclude>
    <ClInclude Include="..\..\src\lib\evpp\any.h">
      <Filter>evpp</Filter>
    </ClInclude>
    <ClInclude Include="..\..\src\lib\evpp\buff\bufferdef.h">
      <Filter>evpp\buff</Filter>
    </ClInclude>
    <ClInclude Include="..\..\src\lib\evpp\buff\ringbuffer.h">
      <Filter>evpp\buff</Filter>
    </ClInclude>
    <ClInclude Include="..\..\src\lib\evpp\buff\syncbuffer.h">
      <Filter>evpp\buff</Filter>
    </ClInclude>
    <ClInclude Include="..\..\src\lib\evpp\buffer.h">
      <Filter>evpp</Filter>
    </ClInclude>
    <ClInclude Include="..\..\src\lib\evpp\const.h">
      <Filter>evpp</Filter>
    </ClInclude>
    <ClInclude Include="..\..\src\lib\evpp\error_code.h">
      <Filter>evpp</Filter>
    </ClInclude>
    <ClInclude Include="..\..\src\lib\evpp\http\client\conn.h">
      <Filter>evpp\http\client</Filter>
    </ClInclude>
    <ClInclude Include="..\..\src\lib\evpp\http\client\conn_pool.h">
      <Filter>evpp\http\client</Filter>
    </ClInclude>
    <ClInclude Include="..\..\src\lib\evpp\http\client\request.h">
      <Filter>evpp\http\client</Filter>
    </ClInclude>
    <ClInclude Include="..\..\src\lib\evpp\http\client\response.h">
      <Filter>evpp\http\client</Filter>
    </ClInclude>
    <ClInclude Include="..\..\src\lib\evpp\http\client\url_parser.h">
      <Filter>evpp\http\client</Filter>
    </ClInclude>
    <ClInclude Include="..\..\src\lib\evpp\http\server\context.h">
      <Filter>evpp\http\server</Filter>
    </ClInclude>
    <ClInclude Include="..\..\src\lib\evpp\http\server\http_server.h">
      <Filter>evpp\http\server</Filter>
    </ClInclude>
    <ClInclude Include="..\..\src\lib\evpp\http\server\http_service.h">
      <Filter>evpp\http\server</Filter>
    </ClInclude>
    <ClInclude Include="..\..\src\lib\evpp\http\server\stats.h">
      <Filter>evpp\http\server</Filter>
    </ClInclude>
    <ClInclude Include="..\..\src\lib\evpp\inner_pre.h">
      <Filter>evpp</Filter>
    </ClInclude>
    <ClInclude Include="..\..\src\lib\evpp\io\io_def.h">
      <Filter>evpp\io</Filter>
    </ClInclude>
    <ClInclude Include="..\..\src\lib\evpp\io\tcp_io.h">
      <Filter>evpp\io</Filter>
    </ClInclude>
    <ClInclude Include="..\..\src\lib\evpp\io\udp_io.h">
      <Filter>evpp\io</Filter>
    </ClInclude>
    <ClInclude Include="..\..\src\lib\evpp\libevent.h">
      <Filter>evpp</Filter>
    </ClInclude>
    <ClInclude Include="..\..\src\lib\evpp\logging.h">
      <Filter>evpp</Filter>
    </ClInclude>
    <ClInclude Include="..\..\src\lib\evpp\loop\event_loop.h">
      <Filter>evpp\loop</Filter>
    </ClInclude>
    <ClInclude Include="..\..\src\lib\evpp\loop\event_loop_thread.h">
      <Filter>evpp\loop</Filter>
    </ClInclude>
    <ClInclude Include="..\..\src\lib\evpp\loop\event_loop_thread_pool.h">
      <Filter>evpp\loop</Filter>
    </ClInclude>
    <ClInclude Include="..\..\src\lib\evpp\loop\event_watcher.h">
      <Filter>evpp\loop</Filter>
    </ClInclude>
    <ClInclude Include="..\..\src\lib\evpp\loop\invoke_timer.h">
      <Filter>evpp\loop</Filter>
    </ClInclude>
    <ClInclude Include="..\..\src\lib\evpp\memmem.h">
      <Filter>evpp</Filter>
    </ClInclude>
    <ClInclude Include="..\..\src\lib\evpp\multi\multi_listener.h">
      <Filter>evpp\multi</Filter>
    </ClInclude>
    <ClInclude Include="..\..\src\lib\evpp\platform_config.h">
      <Filter>evpp</Filter>
    </ClInclude>
    <ClInclude Include="..\..\src\lib\evpp\server_status.h">
      <Filter>evpp</Filter>
    </ClInclude>
    <ClInclude Include="..\..\src\lib\evpp\slice.h">
      <Filter>evpp</Filter>
    </ClInclude>
    <ClInclude Include="..\..\src\lib\evpp\sys_addrinfo.h">
      <Filter>evpp</Filter>
    </ClInclude>
    <ClInclude Include="..\..\src\lib\evpp\sys_sockets.h">
      <Filter>evpp</Filter>
    </ClInclude>
    <ClInclude Include="..\..\src\lib\evpp\tcp\client\connector.h">
      <Filter>evpp\tcp\client</Filter>
    </ClInclude>
    <ClInclude Include="..\..\src\lib\evpp\tcp\client\dns_resolver.h">
      <Filter>evpp\tcp\client</Filter>
    </ClInclude>
    <ClInclude Include="..\..\src\lib\evpp\tcp\client\tcp_client.h">
      <Filter>evpp\tcp\client</Filter>
    </ClInclude>
    <ClInclude Include="..\..\src\lib\evpp\tcp\fd_channel.h">
      <Filter>evpp\tcp</Filter>
    </ClInclude>
    <ClInclude Include="..\..\src\lib\evpp\tcp\server\listener.h">
      <Filter>evpp\tcp\server</Filter>
    </ClInclude>
    <ClInclude Include="..\..\src\lib\evpp\tcp\server\tcp_easy_server.h">
      <Filter>evpp\tcp\server</Filter>
    </ClInclude>
    <ClInclude Include="..\..\src\lib\evpp\tcp\server\tcp_server.h">
      <Filter>evpp\tcp\server</Filter>
    </ClInclude>
    <ClInclude Include="..\..\src\lib\evpp\tcp\sockets.h">
      <Filter>evpp\tcp</Filter>
    </ClInclude>
    <ClInclude Include="..\..\src\lib\evpp\tcp\tcp_callbacks.h">
      <Filter>evpp\tcp</Filter>
    </ClInclude>
    <ClInclude Include="..\..\src\lib\evpp\tcp\tcp_conn.h">
      <Filter>evpp\tcp</Filter>
    </ClInclude>
    <ClInclude Include="..\..\src\lib\evpp\thdenv.h">
      <Filter>evpp</Filter>
    </ClInclude>
    <ClInclude Include="..\..\src\lib\evpp\thread_dispatch_policy.h">
      <Filter>evpp</Filter>
    </ClInclude>
    <ClInclude Include="..\..\src\lib\evpp\time\duration.h">
      <Filter>evpp\time</Filter>
    </ClInclude>
    <ClInclude Include="..\..\src\lib\evpp\time\duration.inl.h">
      <Filter>evpp\time</Filter>
    </ClInclude>
    <ClInclude Include="..\..\src\lib\evpp\time\gettimeofday.h">
      <Filter>evpp\time</Filter>
    </ClInclude>
    <ClInclude Include="..\..\src\lib\evpp\time\timestamp.h">
      <Filter>evpp\time</Filter>
    </ClInclude>
    <ClInclude Include="..\..\src\lib\evpp\time\timestamp.inl.h">
      <Filter>evpp\time</Filter>
    </ClInclude>
    <ClInclude Include="..\..\src\lib\evpp\udp\udp_client.h">
      <Filter>evpp\udp</Filter>
    </ClInclude>
    <ClInclude Include="..\..\src\lib\evpp\udp\udp_message.h">
      <Filter>evpp\udp</Filter>
    </ClInclude>
    <ClInclude Include="..\..\src\lib\evpp\udp\udp_server.h">
      <Filter>evpp\udp</Filter>
    </ClInclude>
    <ClInclude Include="..\..\src\lib\evpp\udp\udp_tick.h">
      <Filter>evpp\udp</Filter>
    </ClInclude>
    <ClInclude Include="..\..\src\lib\evpp\utility.h">
      <Filter>evpp</Filter>
    </ClInclude>
    <ClInclude Include="..\..\src\lib\evpp\windows_port.h">
      <Filter>evpp</Filter>
    </ClInclude>
    <ClInclude Include="..\..\src\lib\fifo\fifo.h">
      <Filter>fifo</Filter>
    </ClInclude>
    <ClInclude Include="..\..\src\lib\fifo\fifo_linux.h">
      <Filter>fifo</Filter>
    </ClInclude>
    <ClInclude Include="..\..\src\lib\fifo\fifo_win.h">
      <Filter>fifo</Filter>
    </ClInclude>
    <ClInclude Include="..\..\src\lib\flags\flags.h">
      <Filter>flags</Filter>
    </ClInclude>
    <ClInclude Include="..\..\src\lib\log\log.h">
      <Filter>log</Filter>
    </ClInclude>
    <ClInclude Include="..\..\src\lib\log\log_def.h">
      <Filter>log</Filter>
    </ClInclude>
    <ClInclude Include="..\..\src\lib\log\log_ext.h">
      <Filter>log</Filter>
    </ClInclude>
    <ClInclude Include="..\..\src\lib\logic\contrl\contrlCon.h">
      <Filter>logic\contrl</Filter>
    </ClInclude>
    <ClInclude Include="..\..\src\lib\logic\contrl\contrlServer.h">
      <Filter>logic\contrl</Filter>
    </ClInclude>
    <ClInclude Include="..\..\src\lib\logic\contrl\contrlUtil.h">
      <Filter>logic\contrl</Filter>
    </ClInclude>
    <ClInclude Include="..\..\src\lib\logic\contrl\pbdeal\msgHeader.h">
      <Filter>logic\contrl\pbdeal</Filter>
    </ClInclude>
    <ClInclude Include="..\..\src\lib\logic\contrl\pbdeal\pbRegist.h">
      <Filter>logic\contrl\pbdeal</Filter>
    </ClInclude>
    <ClInclude Include="..\..\src\lib\logic\contrl\pbdeal\pbSend.h">
      <Filter>logic\contrl\pbdeal</Filter>
    </ClInclude>
    <ClInclude Include="..\..\src\lib\logic\contrl\pbdeal\pbSerialize.h">
      <Filter>logic\contrl\pbdeal</Filter>
    </ClInclude>
    <ClInclude Include="..\..\src\lib\logic\contrl\pbdeal\pbdeal.h">
      <Filter>logic\contrl\pbdeal</Filter>
    </ClInclude>
    <ClInclude Include="..\..\src\lib\logic\def_value.h">
      <Filter>logic</Filter>
    </ClInclude>
    <ClInclude Include="..\..\src\lib\logic\echo\echoCon.h">
      <Filter>logic\echo</Filter>
    </ClInclude>
    <ClInclude Include="..\..\src\lib\logic\echo\echoDeal.h">
      <Filter>logic\echo</Filter>
    </ClInclude>
    <ClInclude Include="..\..\src\lib\logic\echo\echoServer.h">
      <Filter>logic\echo</Filter>
    </ClInclude>
    <ClInclude Include="..\..\src\lib\logic\echo\echoUtil.h">
      <Filter>logic\echo</Filter>
    </ClInclude>
    <ClInclude Include="..\..\src\lib\logic\trans\acl\aclfilter.h">
      <Filter>logic\trans\acl</Filter>
    </ClInclude>
    <ClInclude Include="..\..\src\lib\logic\trans\acl\aclgeoip.h">
      <Filter>logic\trans\acl</Filter>
    </ClInclude>
    <ClInclude Include="..\..\src\lib\logic\trans\acl\aclmgr.h">
      <Filter>logic\trans\acl</Filter>
    </ClInclude>
    <ClInclude Include="..\..\src\lib\logic\trans\algorithm\algorithm.h">
      <Filter>logic\trans\algorithm</Filter>
    </ClInclude>
    <ClInclude Include="..\..\src\lib\logic\trans\arq\arq.h">
      <Filter>logic\trans\arq</Filter>
    </ClInclude>
    <ClInclude Include="..\..\src\lib\logic\trans\arq\arq_line.h">
      <Filter>logic\trans\arq</Filter>
    </ClInclude>
    <ClInclude Include="..\..\src\lib\logic\trans\arq\arq_pool.h">
      <Filter>logic\trans\arq</Filter>
    </ClInclude>
    <ClInclude Include="..\..\src\lib\logic\trans\deal\trans_acl.h">
      <Filter>logic\trans\deal</Filter>
    </ClInclude>
    <ClInclude Include="..\..\src\lib\logic\trans\deal\trans_deal.h">
      <Filter>logic\trans\deal</Filter>
    </ClInclude>
    <ClInclude Include="..\..\src\lib\logic\trans\io\trans_bypass.h">
      <Filter>logic\trans\io</Filter>
    </ClInclude>
    <ClInclude Include="..\..\src\lib\logic\trans\io\trans_group.h">
      <Filter>logic\trans\io</Filter>
    </ClInclude>
    <ClInclude Include="..\..\src\lib\logic\trans\io\trans_io.h">
      <Filter>logic\trans\io</Filter>
    </ClInclude>
    <ClInclude Include="..\..\src\lib\logic\trans\io\trans_tcp.h">
      <Filter>logic\trans\io</Filter>
    </ClInclude>
    <ClInclude Include="..\..\src\lib\logic\trans\io\trans_udp.h">
      <Filter>logic\trans\io</Filter>
    </ClInclude>
    <ClInclude Include="..\..\src\lib\logic\trans\kcp\ikcp.h">
      <Filter>logic\trans\kcp</Filter>
    </ClInclude>
    <ClInclude Include="..\..\src\lib\logic\trans\msg\trans_binary.h">
      <Filter>logic\trans\msg</Filter>
    </ClInclude>
    <ClInclude Include="..\..\src\lib\logic\trans\msg\trans_head.h">
      <Filter>logic\trans\msg</Filter>
    </ClInclude>
    <ClInclude Include="..\..\src\lib\logic\trans\msg\trans_msg.h">
      <Filter>logic\trans\msg</Filter>
    </ClInclude>
    <ClInclude Include="..\..\src\lib\logic\trans\ports\trans_port.h">
      <Filter>logic\trans\ports</Filter>
    </ClInclude>
    <ClInclude Include="..\..\src\lib\logic\trans\trans_server.h">
      <Filter>logic\trans</Filter>
    </ClInclude>
    <ClInclude Include="..\..\src\lib\logic\trans\trans_server_fun.h">
      <Filter>logic\trans</Filter>
    </ClInclude>
    <ClInclude Include="..\..\src\lib\logic\trans\user\allow_user.h">
      <Filter>logic\trans\user</Filter>
    </ClInclude>
    <ClInclude Include="..\..\src\lib\logic\trans\user\con_io.h">
      <Filter>logic\trans\user</Filter>
    </ClInclude>
    <ClInclude Include="..\..\src\lib\logic\trans\user\con_jump.h">
      <Filter>logic\trans\user</Filter>
    </ClInclude>
    <ClInclude Include="..\..\src\lib\logic\trans\user\con_jump_clt.h">
      <Filter>logic\trans\user</Filter>
    </ClInclude>
    <ClInclude Include="..\..\src\lib\logic\trans\user\con_pipe.h">
      <Filter>logic\trans\user</Filter>
    </ClInclude>
    <ClInclude Include="..\..\src\lib\logic\trans\user\con_primitive.h">
      <Filter>logic\trans\user</Filter>
    </ClInclude>
    <ClInclude Include="..\..\src\lib\logic\trans\user\con_trans.h">
      <Filter>logic\trans\user</Filter>
    </ClInclude>
    <ClInclude Include="..\..\src\lib\logic\trans\user\jump_user.h">
      <Filter>logic\trans\user</Filter>
    </ClInclude>
    <ClInclude Include="..\..\src\lib\logic\trans\user\trans_func.h">
      <Filter>logic\trans\user</Filter>
    </ClInclude>
    <ClInclude Include="..\..\src\lib\pb\booster.pb.h">
      <Filter>pb</Filter>
    </ClInclude>
    <ClInclude Include="..\..\src\lib\pb\client.pb.h">
      <Filter>pb</Filter>
    </ClInclude>
    <ClInclude Include="..\..\src\lib\pb\define.pb.h">
      <Filter>pb</Filter>
    </ClInclude>
    <ClInclude Include="..\..\src\lib\pb\msgid.pb.h">
      <Filter>pb</Filter>
    </ClInclude>
    <ClInclude Include="..\..\src\lib\stat\stat.h">
      <Filter>stat</Filter>
    </ClInclude>
    <ClInclude Include="..\..\src\lib\thd\thd.h">
      <Filter>thd</Filter>
    </ClInclude>
    <ClInclude Include="..\..\src\lib\tun\ip_checksum.h">
      <Filter>tun</Filter>
    </ClInclude>
    <ClInclude Include="..\..\src\lib\tun\tun.h">
      <Filter>tun</Filter>
    </ClInclude>
    <ClInclude Include="..\..\src\lib\tun\tun_func.h">
      <Filter>tun</Filter>
    </ClInclude>
    <ClInclude Include="..\..\src\lib\tun\tun_io.h">
      <Filter>tun</Filter>
    </ClInclude>
    <ClInclude Include="..\..\src\lib\util\concurrentqueue.h">
      <Filter>util</Filter>
    </ClInclude>
    <ClInclude Include="..\..\src\lib\util\default.h">
      <Filter>util</Filter>
    </ClInclude>
    <ClInclude Include="..\..\src\lib\util\exception.h">
      <Filter>util</Filter>
    </ClInclude>
    <ClInclude Include="..\..\src\lib\util\singleton.h">
      <Filter>util</Filter>
    </ClInclude>
    <ClInclude Include="..\..\src\lib\util\thread.h">
      <Filter>util</Filter>
    </ClInclude>
    <ClInclude Include="..\..\src\lib\util\time_use.h">
      <Filter>util</Filter>
    </ClInclude>
    <ClInclude Include="..\..\src\lib\util\util.h">
      <Filter>util</Filter>
    </ClInclude>
    <ClInclude Include="..\..\src\lib\util\util_func.h">
      <Filter>util</Filter>
    </ClInclude>
    <ClInclude Include="..\..\src\lib\util\util_map.h">
      <Filter>util</Filter>
    </ClInclude>
    <ClInclude Include="..\..\src\lib\util\util_mark.h">
      <Filter>util</Filter>
    </ClInclude>
    <ClInclude Include="..\..\src\lib\util\util_number.h">
      <Filter>util</Filter>
    </ClInclude>
    <ClInclude Include="..\..\src\lib\util\util_queue.h">
      <Filter>util</Filter>
    </ClInclude>
    <ClInclude Include="..\..\src\lib\util\util_tally.h">
      <Filter>util</Filter>
    </ClInclude>
    <ClInclude Include="..\..\src\lib\util\util_topn.h">
      <Filter>util</Filter>
    </ClInclude>
    <ClInclude Include="..\..\src\lib\util\util_wheel.h">
      <Filter>util</Filter>
    </ClInclude>
    <ClInclude Include="..\..\src\lib\version\version.h">
      <Filter>version</Filter>
    </ClInclude>
  </ItemGroup>
  </Project>